
Microsoft Visual Studio Solution File, Format Version 12.00
# Visual Studio Version 17
VisualStudioVersion = 17.9.34723.18
MinimumVisualStudioVersion = 10.0.40219.1
Project("{FAE04EC0-301F-11D3-BF4B-00C04F79EFBC}") = "Inventory Management", "Inventory Management\Inventory Management.csproj", "{50156302-060F-4F8A-81FA-C1843B66F714}"
EndProject
Global
	GlobalSection(SolutionConfigurationPlatforms) = preSolution
		Debug|Any CPU = Debug|Any CPU
		Release|Any CPU = Release|Any CPU
	EndGlobalSection
	GlobalSection(ProjectConfigurationPlatforms) = postSolution
		{50156302-060F-4F8A-81FA-C1843B66F714}.Debug|Any CPU.ActiveCfg = Debug|Any CPU
		{50156302-060F-4F8A-81FA-C1843B66F714}.Debug|Any CPU.Build.0 = Debug|Any CPU
		{50156302-060F-4F8A-81FA-C1843B66F714}.Release|Any CPU.ActiveCfg = Release|Any CPU
		{50156302-060F-4F8A-81FA-C1843B66F714}.Release|Any CPU.Build.0 = Release|Any CPU
	EndGlobalSection
	GlobalSection(SolutionProperties) = preSolution
		HideSolutionNode = FALSE
	EndGlobalSection
	GlobalSection(ExtensibilityGlobals) = postSolution
		SolutionGuid = {BB2CF6B3-A3B6-4188-BF11-E692215C5234}
	EndGlobalSection
EndGlobal
